
Microsoft Visual Studio Solution File, Format Version 11.00
# Visual Studio 2010
Project("{FAE04EC0-301F-11D3-BF4B-00C04F79EFBC}") = "LeanTouch", "LeanTouch.csproj", "{d04e9b31-ac75-c9de-a46b-f16caa9b4f7a}"
EndProject
Project("{FAE04EC0-301F-11D3-BF4B-00C04F79EFBC}") = "Assembly-CSharp", "Assembly-CSharp.csproj", "{6b854b20-11a6-ab8c-87f1-28fd0018b8be}"
EndProject
Project("{FAE04EC0-301F-11D3-BF4B-00C04F79EFBC}") = "LeanCommon", "LeanCommon.csproj", "{66e6da86-1d00-5827-465e-643ed8b289d9}"
EndProject
Global
	GlobalSection(SolutionConfigurationPlatforms) = preSolution
		Debug|Any CPU = Debug|Any CPU
	EndGlobalSection
	GlobalSection(ProjectConfigurationPlatforms) = postSolution
		{d04e9b31-ac75-c9de-a46b-f16caa9b4f7a}.Debug|Any CPU.ActiveCfg = Debug|Any CPU
		{d04e9b31-ac75-c9de-a46b-f16caa9b4f7a}.Debug|Any CPU.Build.0 = Debug|Any CPU
		{6b854b20-11a6-ab8c-87f1-28fd0018b8be}.Debug|Any CPU.ActiveCfg = Debug|Any CPU
		{6b854b20-11a6-ab8c-87f1-28fd0018b8be}.Debug|Any CPU.Build.0 = Debug|Any CPU
		{66e6da86-1d00-5827-465e-643ed8b289d9}.Debug|Any CPU.ActiveCfg = Debug|Any CPU
		{66e6da86-1d00-5827-465e-643ed8b289d9}.Debug|Any CPU.Build.0 = Debug|Any CPU
	EndGlobalSection
	GlobalSection(SolutionProperties) = preSolution
		HideSolutionNode = FALSE
	EndGlobalSection
EndGlobal
